
Microsoft Visual Studio Solution File, Format Version 12.00
# Visual Studio Version 16
VisualStudioVersion = 16.0.33214.272
MinimumVisualStudioVersion = 10.0.40219.1
Project("{FAE04EC0-301F-11D3-BF4B-00C04F79EFBC}") = "ConsoleApp9", "ConsoleApp9\ConsoleApp9.csproj", "{7AA4DB45-5450-4113-89C0-EBACB3399D06}"
EndProject
Global
	GlobalSection(SolutionConfigurationPlatforms) = preSolution
		Debug|Any CPU = Debug|Any CPU
		Release|Any CPU = Release|Any CPU
	EndGlobalSection
	GlobalSection(ProjectConfigurationPlatforms) = postSolution
		{7AA4DB45-5450-4113-89C0-EBACB3399D06}.Debug|Any CPU.ActiveCfg = Debug|Any CPU
		{7AA4DB45-5450-4113-89C0-EBACB3399D06}.Debug|Any CPU.Build.0 = Debug|Any CPU
		{7AA4DB45-5450-4113-89C0-EBACB3399D06}.Release|Any CPU.ActiveCfg = Release|Any CPU
		{7AA4DB45-5450-4113-89C0-EBACB3399D06}.Release|Any CPU.Build.0 = Release|Any CPU
	EndGlobalSection
	GlobalSection(SolutionProperties) = preSolution
		HideSolutionNode = FALSE
	EndGlobalSection
	GlobalSection(ExtensibilityGlobals) = postSolution
		SolutionGuid = {F240D399-857E-41F4-A4CD-1F429B9AF72D}
	EndGlobalSection
EndGlobal
